Microsoft Visual Studio Solution File, Format Version 12.00
# Visual Studio Version 17
VisualStudioVersion = 17.13.35931.197
MinimumVisualStudioVersion = 10.0.40219.1
Project("{FAE04EC0-301F-11D3-BF4B-00C04F79EFBC}") = "LibraryManagementSystem", "LibraryManagementSystem.csproj", "{B7190106-B834-41CC-9E8A-33FE1EFDF31B}"
EndProject
Project("{FAE04EC0-301F-11D3-BF4B-00C04F79EFBC}") = "LMS.Security", "LMS.Security\LMS.Security.csproj", "{C44A6049-2F5E-40EB-B03F-FAE19D2A09C3}"
EndProject
Project("{FAE04EC0-301F-11D3-BF4B-00C04F79EFBC}") = "LMS.BookStorage", "LMS.BookStorage\LMS.BookStorage.csproj", "{08AA5A2E-5299-45A8-9AA2-B7D978823F1A}"
EndProject
Project("{FAE04EC0-301F-11D3-BF4B-00C04F79EFBC}") = "LMS.BookSearch", "LMS.BookSearch\LMS.BookSearch.csproj", "{52741CD3-B525-46BE-906B-F49B5D127602}"
	ProjectSection(ProjectDependencies) = postProject
		{08AA5A2E-5299-45A8-9AA2-B7D978823F1A} = {08AA5A2E-5299-45A8-9AA2-B7D978823F1A}
	EndProjectSection
EndProject
Global
	GlobalSection(SolutionConfigurationPlatforms) = preSolution
		Debug|Any CPU = Debug|Any CPU
		Release|Any CPU = Release|Any CPU
	EndGlobalSection
	GlobalSection(ProjectConfigurationPlatforms) = postSolution
		{B7190106-B834-41CC-9E8A-33FE1EFDF31B}.Debug|Any CPU.ActiveCfg = Debug|Any CPU
		{B7190106-B834-41CC-9E8A-33FE1EFDF31B}.Debug|Any CPU.Build.0 = Debug|Any CPU
		{B7190106-B834-41CC-9E8A-33FE1EFDF31B}.Release|Any CPU.ActiveCfg = Release|Any CPU
		{B7190106-B834-41CC-9E8A-33FE1EFDF31B}.Release|Any CPU.Build.0 = Release|Any CPU
		{C44A6049-2F5E-40EB-B03F-FAE19D2A09C3}.Debug|Any CPU.ActiveCfg = Debug|Any CPU
		{C44A6049-2F5E-40EB-B03F-FAE19D2A09C3}.Debug|Any CPU.Build.0 = Debug|Any CPU
		{C44A6049-2F5E-40EB-B03F-FAE19D2A09C3}.Release|Any CPU.ActiveCfg = Release|Any CPU
		{C44A6049-2F5E-40EB-B03F-FAE19D2A09C3}.Release|Any CPU.Build.0 = Release|Any CPU
		{08AA5A2E-5299-45A8-9AA2-B7D978823F1A}.Debug|Any CPU.ActiveCfg = Debug|Any CPU
		{08AA5A2E-5299-45A8-9AA2-B7D978823F1A}.Debug|Any CPU.Build.0 = Debug|Any CPU
		{08AA5A2E-5299-45A8-9AA2-B7D978823F1A}.Release|Any CPU.ActiveCfg = Release|Any CPU
		{08AA5A2E-5299-45A8-9AA2-B7D978823F1A}.Release|Any CPU.Build.0 = Release|Any CPU
		{52741CD3-B525-46BE-906B-F49B5D127602}.Debug|Any CPU.ActiveCfg = Debug|Any CPU
		{52741CD3-B525-46BE-906B-F49B5D127602}.Debug|Any CPU.Build.0 = Debug|Any CPU
		{52741CD3-B525-46BE-906B-F49B5D127602}.Release|Any CPU.ActiveCfg = Release|Any CPU
		{52741CD3-B525-46BE-906B-F49B5D127602}.Release|Any CPU.Build.0 = Release|Any CPU
	EndGlobalSection
	GlobalSection(SolutionProperties) = preSolution
		HideSolutionNode = FALSE
	EndGlobalSection
	GlobalSection(ExtensibilityGlobals) = postSolution
		SolutionGuid = {2FB5ADCB-FBF0-460A-AE79-A09E4F112099}
	EndGlobalSection
EndGlobal
